
Microsoft Visual Studio Solution File, Format Version 12.00
# Visual Studio Version 17
VisualStudioVersion = 17.6.33815.320
MinimumVisualStudioVersion = 10.0.40219.1
Project("{9A19103F-16F7-4668-BE54-9A1E7A4F7556}") = "253505_Снежко_Lab6", "253505_Снежко_Lab6\253505_Снежко_Lab6.csproj", "{A7F6147A-A47D-4613-8CF0-5B8A4D42151C}"
EndProject
Project("{9A19103F-16F7-4668-BE54-9A1E7A4F7556}") = "FileServiceDLL", "FileService\FileServiceDLL.csproj", "{29498903-8BF1-476B-B3F7-82A29E582012}"
EndProject
Global
	GlobalSection(SolutionConfigurationPlatforms) = preSolution
		Debug|Any CPU = Debug|Any CPU
		Release|Any CPU = Release|Any CPU
	EndGlobalSection
	GlobalSection(ProjectConfigurationPlatforms) = postSolution
		{A7F6147A-A47D-4613-8CF0-5B8A4D42151C}.Debug|Any CPU.ActiveCfg = Debug|Any CPU
		{A7F6147A-A47D-4613-8CF0-5B8A4D42151C}.Debug|Any CPU.Build.0 = Debug|Any CPU
		{A7F6147A-A47D-4613-8CF0-5B8A4D42151C}.Release|Any CPU.ActiveCfg = Release|Any CPU
		{A7F6147A-A47D-4613-8CF0-5B8A4D42151C}.Release|Any CPU.Build.0 = Release|Any CPU
		{29498903-8BF1-476B-B3F7-82A29E582012}.Debug|Any CPU.ActiveCfg = Debug|Any CPU
		{29498903-8BF1-476B-B3F7-82A29E582012}.Debug|Any CPU.Build.0 = Debug|Any CPU
		{29498903-8BF1-476B-B3F7-82A29E582012}.Release|Any CPU.ActiveCfg = Release|Any CPU
		{29498903-8BF1-476B-B3F7-82A29E582012}.Release|Any CPU.Build.0 = Release|Any CPU
	EndGlobalSection
	GlobalSection(SolutionProperties) = preSolution
		HideSolutionNode = FALSE
	EndGlobalSection
	GlobalSection(ExtensibilityGlobals) = postSolution
		SolutionGuid = {F7F22418-3465-453D-AFE6-632C89D3AD4C}
	EndGlobalSection
EndGlobal
