
Microsoft Visual Studio Solution File, Format Version 12.00
# Visual Studio Version 17
VisualStudioVersion = 17.6.33815.320
MinimumVisualStudioVersion = 10.0.40219.1
Project("{9A19103F-16F7-4668-BE54-9A1E7A4F7556}") = "253505_Снежко_Lab5", "253505_Снежко_Lab5\253505_Снежко_Lab5.csproj", "{FF907624-623C-48A1-99AF-F3E6FB8DC5E3}"
EndProject
Project("{FAE04EC0-301F-11D3-BF4B-00C04F79EFBC}") = "Lab5.Domain", "lab5.Domain\Lab5.Domain.csproj", "{CC5ACAC9-575C-45B9-875F-0ED98A223B71}"
EndProject
Project("{FAE04EC0-301F-11D3-BF4B-00C04F79EFBC}") = "SerializerLib", "SerializerLib\SerializerLib.csproj", "{0D7BF276-EA3D-4B12-BFE0-F1A999660F1E}"
EndProject
Global
	GlobalSection(SolutionConfigurationPlatforms) = preSolution
		Debug|Any CPU = Debug|Any CPU
		Release|Any CPU = Release|Any CPU
	EndGlobalSection
	GlobalSection(ProjectConfigurationPlatforms) = postSolution
		{FF907624-623C-48A1-99AF-F3E6FB8DC5E3}.Debug|Any CPU.ActiveCfg = Debug|Any CPU
		{FF907624-623C-48A1-99AF-F3E6FB8DC5E3}.Debug|Any CPU.Build.0 = Debug|Any CPU
		{FF907624-623C-48A1-99AF-F3E6FB8DC5E3}.Release|Any CPU.ActiveCfg = Release|Any CPU
		{FF907624-623C-48A1-99AF-F3E6FB8DC5E3}.Release|Any CPU.Build.0 = Release|Any CPU
		{CC5ACAC9-575C-45B9-875F-0ED98A223B71}.Debug|Any CPU.ActiveCfg = Debug|Any CPU
		{CC5ACAC9-575C-45B9-875F-0ED98A223B71}.Debug|Any CPU.Build.0 = Debug|Any CPU
		{CC5ACAC9-575C-45B9-875F-0ED98A223B71}.Release|Any CPU.ActiveCfg = Release|Any CPU
		{CC5ACAC9-575C-45B9-875F-0ED98A223B71}.Release|Any CPU.Build.0 = Release|Any CPU
		{0D7BF276-EA3D-4B12-BFE0-F1A999660F1E}.Debug|Any CPU.ActiveCfg = Debug|Any CPU
		{0D7BF276-EA3D-4B12-BFE0-F1A999660F1E}.Debug|Any CPU.Build.0 = Debug|Any CPU
		{0D7BF276-EA3D-4B12-BFE0-F1A999660F1E}.Release|Any CPU.ActiveCfg = Release|Any CPU
		{0D7BF276-EA3D-4B12-BFE0-F1A999660F1E}.Release|Any CPU.Build.0 = Release|Any CPU
	EndGlobalSection
	GlobalSection(SolutionProperties) = preSolution
		HideSolutionNode = FALSE
	EndGlobalSection
	GlobalSection(ExtensibilityGlobals) = postSolution
		SolutionGuid = {2B0EDB40-E7CF-479D-9997-D8089CB5F796}
	EndGlobalSection
EndGlobal
