
Microsoft Visual Studio Solution File, Format Version 12.00
# Visual Studio Version 17
VisualStudioVersion = 17.3.32819.101
MinimumVisualStudioVersion = 10.0.40219.1
Project("{8BC9CEB8-8B4A-11D0-8D11-00A0C91BC942}") = "№1", "ConsoleApplication1.vcxproj", "{ED22CCBA-FA56-491F-B743-8AF974218EC4}"
EndProject
Project("{8BC9CEB8-8B4A-11D0-8D11-00A0C91BC942}") = "№3", "..\№3\№3.vcxproj", "{F1150ACB-6FEE-4F7F-99DB-59193B05BB3E}"
EndProject
Project("{8BC9CEB8-8B4A-11D0-8D11-00A0C91BC942}") = "№4", "..\№4\№4.vcxproj", "{A2441899-D8C0-4544-AEFB-5FA359A978FE}"
EndProject
Project("{8BC9CEB8-8B4A-11D0-8D11-00A0C91BC942}") = "№5", "..\№5\№5.vcxproj", "{8AB3CD10-BFD2-44F9-B09E-5C0F3E6DED6F}"
EndProject
Project("{8BC9CEB8-8B4A-11D0-8D11-00A0C91BC942}") = "№6", "..\№6\№6.vcxproj", "{59159CA9-118D-4E68-AEC3-E2D3F760FD47}"
EndProject
Project("{8BC9CEB8-8B4A-11D0-8D11-00A0C91BC942}") = "№7", "..\№7\№7.vcxproj", "{3C49D94E-5AA3-4BB2-9496-5685F9BC9597}"
EndProject
Project("{8BC9CEB8-8B4A-11D0-8D11-00A0C91BC942}") = "№8", "..\№8\№8.vcxproj", "{33DC5D9C-11E6-4ED2-B4BE-51E979F517AC}"
EndProject
Project("{8BC9CEB8-8B4A-11D0-8D11-00A0C91BC942}") = "DynamicLib", "..\№2\DynamicLib\DynamicLib.vcxproj", "{60508A80-A2B6-4FBF-9B66-25BE497B4D88}"
EndProject
Project("{8BC9CEB8-8B4A-11D0-8D11-00A0C91BC942}") = "№2", "..\№2\№2\№2.vcxproj", "{EAA4A667-45DD-45C9-B2D8-9E9DBE9E349C}"
EndProject
Project("{8BC9CEB8-8B4A-11D0-8D11-00A0C91BC942}") = "TestFor4", "..\TestFor4\TestFor4.vcxproj", "{9B43583C-7437-4A09-B7BF-5D799585BAC0}"
EndProject
Project("{8BC9CEB8-8B4A-11D0-8D11-00A0C91BC942}") = "TestFor5", "..\TestFor5\TestFor5.vcxproj", "{6AB65B99-3153-4A44-ADBA-060A4232F5BE}"
EndProject
Project("{8BC9CEB8-8B4A-11D0-8D11-00A0C91BC942}") = "TestFor3_", "..\TestFor3_\TestFor3_.vcxproj", "{EF11EF94-B9F0-4A1A-8DAA-06C7476F4630}"
EndProject
Global
	GlobalSection(SolutionConfigurationPlatforms) = preSolution
		Debug|x64 = Debug|x64
		Debug|x86 = Debug|x86
		Release|x64 = Release|x64
		Release|x86 = Release|x86
	EndGlobalSection
	GlobalSection(ProjectConfigurationPlatforms) = postSolution
		{ED22CCBA-FA56-491F-B743-8AF974218EC4}.Debug|x64.ActiveCfg = Debug|x64
		{ED22CCBA-FA56-491F-B743-8AF974218EC4}.Debug|x64.Build.0 = Debug|x64
		{ED22CCBA-FA56-491F-B743-8AF974218EC4}.Debug|x86.ActiveCfg = Debug|Win32
		{ED22CCBA-FA56-491F-B743-8AF974218EC4}.Debug|x86.Build.0 = Debug|Win32
		{ED22CCBA-FA56-491F-B743-8AF974218EC4}.Release|x64.ActiveCfg = Release|x64
		{ED22CCBA-FA56-491F-B743-8AF974218EC4}.Release|x64.Build.0 = Release|x64
		{ED22CCBA-FA56-491F-B743-8AF974218EC4}.Release|x86.ActiveCfg = Release|Win32
		{ED22CCBA-FA56-491F-B743-8AF974218EC4}.Release|x86.Build.0 = Release|Win32
		{F1150ACB-6FEE-4F7F-99DB-59193B05BB3E}.Debug|x64.ActiveCfg = Debug|x64
		{F1150ACB-6FEE-4F7F-99DB-59193B05BB3E}.Debug|x64.Build.0 = Debug|x64
		{F1150ACB-6FEE-4F7F-99DB-59193B05BB3E}.Debug|x86.ActiveCfg = Debug|Win32
		{F1150ACB-6FEE-4F7F-99DB-59193B05BB3E}.Debug|x86.Build.0 = Debug|Win32
		{F1150ACB-6FEE-4F7F-99DB-59193B05BB3E}.Release|x64.ActiveCfg = Release|x64
		{F1150ACB-6FEE-4F7F-99DB-59193B05BB3E}.Release|x64.Build.0 = Release|x64
		{F1150ACB-6FEE-4F7F-99DB-59193B05BB3E}.Release|x86.ActiveCfg = Release|Win32
		{F1150ACB-6FEE-4F7F-99DB-59193B05BB3E}.Release|x86.Build.0 = Release|Win32
		{A2441899-D8C0-4544-AEFB-5FA359A978FE}.Debug|x64.ActiveCfg = Debug|x64
		{A2441899-D8C0-4544-AEFB-5FA359A978FE}.Debug|x64.Build.0 = Debug|x64
		{A2441899-D8C0-4544-AEFB-5FA359A978FE}.Debug|x86.ActiveCfg = Debug|Win32
		{A2441899-D8C0-4544-AEFB-5FA359A978FE}.Debug|x86.Build.0 = Debug|Win32
		{A2441899-D8C0-4544-AEFB-5FA359A978FE}.Release|x64.ActiveCfg = Release|x64
		{A2441899-D8C0-4544-AEFB-5FA359A978FE}.Release|x64.Build.0 = Release|x64
		{A2441899-D8C0-4544-AEFB-5FA359A978FE}.Release|x86.ActiveCfg = Release|Win32
		{A2441899-D8C0-4544-AEFB-5FA359A978FE}.Release|x86.Build.0 = Release|Win32
		{8AB3CD10-BFD2-44F9-B09E-5C0F3E6DED6F}.Debug|x64.ActiveCfg = Debug|x64
		{8AB3CD10-BFD2-44F9-B09E-5C0F3E6DED6F}.Debug|x64.Build.0 = Debug|x64
		{8AB3CD10-BFD2-44F9-B09E-5C0F3E6DED6F}.Debug|x86.ActiveCfg = Debug|Win32
		{8AB3CD10-BFD2-44F9-B09E-5C0F3E6DED6F}.Debug|x86.Build.0 = Debug|Win32
		{8AB3CD10-BFD2-44F9-B09E-5C0F3E6DED6F}.Release|x64.ActiveCfg = Release|x64
		{8AB3CD10-BFD2-44F9-B09E-5C0F3E6DED6F}.Release|x64.Build.0 = Release|x64
		{8AB3CD10-BFD2-44F9-B09E-5C0F3E6DED6F}.Release|x86.ActiveCfg = Release|Win32
		{8AB3CD10-BFD2-44F9-B09E-5C0F3E6DED6F}.Release|x86.Build.0 = Release|Win32
		{59159CA9-118D-4E68-AEC3-E2D3F760FD47}.Debug|x64.ActiveCfg = Debug|x64
		{59159CA9-118D-4E68-AEC3-E2D3F760FD47}.Debug|x64.Build.0 = Debug|x64
		{59159CA9-118D-4E68-AEC3-E2D3F760FD47}.Debug|x86.ActiveCfg = Debug|Win32
		{59159CA9-118D-4E68-AEC3-E2D3F760FD47}.Debug|x86.Build.0 = Debug|Win32
		{59159CA9-118D-4E68-AEC3-E2D3F760FD47}.Release|x64.ActiveCfg = Release|x64
		{59159CA9-118D-4E68-AEC3-E2D3F760FD47}.Release|x64.Build.0 = Release|x64
		{59159CA9-118D-4E68-AEC3-E2D3F760FD47}.Release|x86.ActiveCfg = Release|Win32
		{59159CA9-118D-4E68-AEC3-E2D3F760FD47}.Release|x86.Build.0 = Release|Win32
		{3C49D94E-5AA3-4BB2-9496-5685F9BC9597}.Debug|x64.ActiveCfg = Debug|x64
		{3C49D94E-5AA3-4BB2-9496-5685F9BC9597}.Debug|x64.Build.0 = Debug|x64
		{3C49D94E-5AA3-4BB2-9496-5685F9BC9597}.Debug|x86.ActiveCfg = Debug|Win32
		{3C49D94E-5AA3-4BB2-9496-5685F9BC9597}.Debug|x86.Build.0 = Debug|Win32
		{3C49D94E-5AA3-4BB2-9496-5685F9BC9597}.Release|x64.ActiveCfg = Release|x64
		{3C49D94E-5AA3-4BB2-9496-5685F9BC9597}.Release|x64.Build.0 = Release|x64
		{3C49D94E-5AA3-4BB2-9496-5685F9BC9597}.Release|x86.ActiveCfg = Release|Win32
		{3C49D94E-5AA3-4BB2-9496-5685F9BC9597}.Release|x86.Build.0 = Release|Win32
		{33DC5D9C-11E6-4ED2-B4BE-51E979F517AC}.Debug|x64.ActiveCfg = Debug|x64
		{33DC5D9C-11E6-4ED2-B4BE-51E979F517AC}.Debug|x64.Build.0 = Debug|x64
		{33DC5D9C-11E6-4ED2-B4BE-51E979F517AC}.Debug|x86.ActiveCfg = Debug|Win32
		{33DC5D9C-11E6-4ED2-B4BE-51E979F517AC}.Debug|x86.Build.0 = Debug|Win32
		{33DC5D9C-11E6-4ED2-B4BE-51E979F517AC}.Release|x64.ActiveCfg = Release|x64
		{33DC5D9C-11E6-4ED2-B4BE-51E979F517AC}.Release|x64.Build.0 = Release|x64
		{33DC5D9C-11E6-4ED2-B4BE-51E979F517AC}.Release|x86.ActiveCfg = Release|Win32
		{33DC5D9C-11E6-4ED2-B4BE-51E979F517AC}.Release|x86.Build.0 = Release|Win32
		{60508A80-A2B6-4FBF-9B66-25BE497B4D88}.Debug|x64.ActiveCfg = Debug|x64
		{60508A80-A2B6-4FBF-9B66-25BE497B4D88}.Debug|x64.Build.0 = Debug|x64
		{60508A80-A2B6-4FBF-9B66-25BE497B4D88}.Debug|x86.ActiveCfg = Debug|Win32
		{60508A80-A2B6-4FBF-9B66-25BE497B4D88}.Debug|x86.Build.0 = Debug|Win32
		{60508A80-A2B6-4FBF-9B66-25BE497B4D88}.Release|x64.ActiveCfg = Release|x64
		{60508A80-A2B6-4FBF-9B66-25BE497B4D88}.Release|x64.Build.0 = Release|x64
		{60508A80-A2B6-4FBF-9B66-25BE497B4D88}.Release|x86.ActiveCfg = Release|Win32
		{60508A80-A2B6-4FBF-9B66-25BE497B4D88}.Release|x86.Build.0 = Release|Win32
		{EAA4A667-45DD-45C9-B2D8-9E9DBE9E349C}.Debug|x64.ActiveCfg = Debug|x64
		{EAA4A667-45DD-45C9-B2D8-9E9DBE9E349C}.Debug|x64.Build.0 = Debug|x64
		{EAA4A667-45DD-45C9-B2D8-9E9DBE9E349C}.Debug|x86.ActiveCfg = Debug|Win32
		{EAA4A667-45DD-45C9-B2D8-9E9DBE9E349C}.Debug|x86.Build.0 = Debug|Win32
		{EAA4A667-45DD-45C9-B2D8-9E9DBE9E349C}.Release|x64.ActiveCfg = Release|x64
		{EAA4A667-45DD-45C9-B2D8-9E9DBE9E349C}.Release|x64.Build.0 = Release|x64
		{EAA4A667-45DD-45C9-B2D8-9E9DBE9E349C}.Release|x86.ActiveCfg = Release|Win32
		{EAA4A667-45DD-45C9-B2D8-9E9DBE9E349C}.Release|x86.Build.0 = Release|Win32
		{9B43583C-7437-4A09-B7BF-5D799585BAC0}.Debug|x64.ActiveCfg = Debug|x64
		{9B43583C-7437-4A09-B7BF-5D799585BAC0}.Debug|x64.Build.0 = Debug|x64
		{9B43583C-7437-4A09-B7BF-5D799585BAC0}.Debug|x86.ActiveCfg = Debug|Win32
		{9B43583C-7437-4A09-B7BF-5D799585BAC0}.Debug|x86.Build.0 = Debug|Win32
		{9B43583C-7437-4A09-B7BF-5D799585BAC0}.Release|x64.ActiveCfg = Release|x64
		{9B43583C-7437-4A09-B7BF-5D799585BAC0}.Release|x64.Build.0 = Release|x64
		{9B43583C-7437-4A09-B7BF-5D799585BAC0}.Release|x86.ActiveCfg = Release|Win32
		{9B43583C-7437-4A09-B7BF-5D799585BAC0}.Release|x86.Build.0 = Release|Win32
		{6AB65B99-3153-4A44-ADBA-060A4232F5BE}.Debug|x64.ActiveCfg = Debug|x64
		{6AB65B99-3153-4A44-ADBA-060A4232F5BE}.Debug|x64.Build.0 = Debug|x64
		{6AB65B99-3153-4A44-ADBA-060A4232F5BE}.Debug|x86.ActiveCfg = Debug|Win32
		{6AB65B99-3153-4A44-ADBA-060A4232F5BE}.Debug|x86.Build.0 = Debug|Win32
		{6AB65B99-3153-4A44-ADBA-060A4232F5BE}.Release|x64.ActiveCfg = Release|x64
		{6AB65B99-3153-4A44-ADBA-060A4232F5BE}.Release|x64.Build.0 = Release|x64
		{6AB65B99-3153-4A44-ADBA-060A4232F5BE}.Release|x86.ActiveCfg = Release|Win32
		{6AB65B99-3153-4A44-ADBA-060A4232F5BE}.Release|x86.Build.0 = Release|Win32
		{EF11EF94-B9F0-4A1A-8DAA-06C7476F4630}.Debug|x64.ActiveCfg = Debug|x64
		{EF11EF94-B9F0-4A1A-8DAA-06C7476F4630}.Debug|x64.Build.0 = Debug|x64
		{EF11EF94-B9F0-4A1A-8DAA-06C7476F4630}.Debug|x86.ActiveCfg = Debug|Win32
		{EF11EF94-B9F0-4A1A-8DAA-06C7476F4630}.Debug|x86.Build.0 = Debug|Win32
		{EF11EF94-B9F0-4A1A-8DAA-06C7476F4630}.Release|x64.ActiveCfg = Release|x64
		{EF11EF94-B9F0-4A1A-8DAA-06C7476F4630}.Release|x64.Build.0 = Release|x64
		{EF11EF94-B9F0-4A1A-8DAA-06C7476F4630}.Release|x86.ActiveCfg = Release|Win32
		{EF11EF94-B9F0-4A1A-8DAA-06C7476F4630}.Release|x86.Build.0 = Release|Win32
	EndGlobalSection
	GlobalSection(SolutionProperties) = preSolution
		HideSolutionNode = FALSE
	EndGlobalSection
	GlobalSection(ExtensibilityGlobals) = postSolution
		SolutionGuid = {C5E25294-149F-4D44-A1AB-DFFA726AE192}
	EndGlobalSection
EndGlobal
