
Microsoft Visual Studio Solution File, Format Version 12.00
# Visual Studio Version 17
VisualStudioVersion = 17.6.33815.320
MinimumVisualStudioVersion = 10.0.40219.1
Project("{9A19103F-16F7-4668-BE54-9A1E7A4F7556}") = "253505_Снежко_Lab8", "253505_Снежко_Lab8\253505_Снежко_Lab8.csproj", "{BFB4A089-3534-4041-BE72-1FA617C1085D}"
EndProject
Project("{FAE04EC0-301F-11D3-BF4B-00C04F79EFBC}") = "ClassLibrary", "ClassLibrary\ClassLibrary.csproj", "{5968CFEC-C69F-4943-B099-402B68E91D67}"
EndProject
Global
	GlobalSection(SolutionConfigurationPlatforms) = preSolution
		Debug|Any CPU = Debug|Any CPU
		Release|Any CPU = Release|Any CPU
	EndGlobalSection
	GlobalSection(ProjectConfigurationPlatforms) = postSolution
		{BFB4A089-3534-4041-BE72-1FA617C1085D}.Debug|Any CPU.ActiveCfg = Debug|Any CPU
		{BFB4A089-3534-4041-BE72-1FA617C1085D}.Debug|Any CPU.Build.0 = Debug|Any CPU
		{BFB4A089-3534-4041-BE72-1FA617C1085D}.Release|Any CPU.ActiveCfg = Release|Any CPU
		{BFB4A089-3534-4041-BE72-1FA617C1085D}.Release|Any CPU.Build.0 = Release|Any CPU
		{5968CFEC-C69F-4943-B099-402B68E91D67}.Debug|Any CPU.ActiveCfg = Debug|Any CPU
		{5968CFEC-C69F-4943-B099-402B68E91D67}.Debug|Any CPU.Build.0 = Debug|Any CPU
		{5968CFEC-C69F-4943-B099-402B68E91D67}.Release|Any CPU.ActiveCfg = Release|Any CPU
		{5968CFEC-C69F-4943-B099-402B68E91D67}.Release|Any CPU.Build.0 = Release|Any CPU
	EndGlobalSection
	GlobalSection(SolutionProperties) = preSolution
		HideSolutionNode = FALSE
	EndGlobalSection
	GlobalSection(ExtensibilityGlobals) = postSolution
		SolutionGuid = {B99142C4-1C23-4BA7-8F5D-02C805B51503}
	EndGlobalSection
EndGlobal
